{
  "version": 4,
  "terraform_version": "1.11.2",
  "serial": 7,
  "lineage": "31332968-05d3-fa21-dbbf-431f1590d375",
  "outputs": {},
  "resources": [
    {
      "mode": "managed",
      "type": "helm_release",
      "name": "argocd",
      "provider": "provider[\"registry.terraform.io/hashicorp/helm\"]",
      "instances": [
        {
          "schema_version": 1,
          "attributes": {
            "atomic": false,
            "chart": "argo-cd",
            "cleanup_on_fail": false,
            "create_namespace": true,
            "dependency_update": false,
            "description": null,
            "devel": null,
            "disable_crd_hooks": false,
            "disable_openapi_validation": false,
            "disable_webhooks": false,
            "force_update": false,
            "id": "argocd",
            "keyring": null,
            "lint": false,
            "manifest": null,
            "max_history": 0,
            "metadata": [
              {
                "app_version": "v2.9.3",
                "chart": "argo-cd",
                "first_deployed": 1743433863,
                "last_deployed": 1743433863,
                "name": "argocd",
                "namespace": "argocd",
                "notes": "\n\nIn order to access the server UI you have the following options:\n\n1. kubectl port-forward service/argocd-server -n argocd 8080:443\n\n    and then open the browser on http://localhost:8080 and accept the certificate\n\n2. enable ingress in the values file `server.ingress.enabled` and either\n      - Add the annotation for ssl passthrough: https://argo-cd.readthedocs.io/en/stable/operator-manual/ingress/#option-1-ssl-passthrough\n      - Set the `configs.params.\"server.insecure\"` in the values file and terminate SSL at your ingress: https://argo-cd.readthedocs.io/en/stable/operator-manual/ingress/#option-2-multiple-ingress-objects-and-hosts\n\n\nAfter reaching the UI the first time you can login with username: admin and the random password generated during the installation. You can find the password by running:\n\nkubectl -n argocd get secret argocd-initial-admin-secret -o jsonpath=\"{.data.password}\" | base64 -d\n\n(You should delete the initial secret afterwards as suggested by the Getting Started Guide: https://argo-cd.readthedocs.io/en/stable/getting_started/#4-login-using-the-cli)\n",
                "revision": 1,
                "values": "{\"server\":{\"ingress\":{\"enabled\":false},\"service\":{\"type\":\"LoadBalancer\"}}}",
                "version": "5.51.6"
              }
            ],
            "name": "argocd",
            "namespace": "argocd",
            "pass_credentials": false,
            "postrender": [],
            "recreate_pods": false,
            "render_subchart_notes": true,
            "replace": false,
            "repository": "https://argoproj.github.io/argo-helm",
            "repository_ca_file": null,
            "repository_cert_file": null,
            "repository_key_file": null,
            "repository_password": null,
            "repository_username": null,
            "reset_values": false,
            "reuse_values": false,
            "set": [],
            "set_list": [],
            "set_sensitive": [],
            "skip_crds": false,
            "status": "deployed",
            "timeout": 300,
            "upgrade_install": null,
            "values": [
              "server:\n  service:\n    type: LoadBalancer\n  ingress:\n    enabled: false\n"
            ],
            "verify": false,
            "version": "5.51.6",
            "wait": true,
            "wait_for_jobs": false
          },
          "sensitive_attributes": [
            [
              {
                "type": "get_attr",
                "value": "repository_password"
              }
            ]
          ],
          "private": "eyJzY2hlbWFfdmVyc2lvbiI6IjEifQ==",
          "dependencies": [
            "scaleway_k8s_cluster.main",
            "scaleway_k8s_pool.main",
            "scaleway_vpc_private_network.private_net"
          ]
        }
      ]
    },
    {
      "mode": "managed",
      "type": "scaleway_k8s_cluster",
      "name": "main",
      "provider": "provider[\"registry.terraform.io/scaleway/scaleway\"]",
      "instances": [
        {
          "schema_version": 0,
          "attributes": {
            "admission_plugins": [],
            "apiserver_cert_sans": [],
            "apiserver_url": "https://0aaabc3c-1d03-45b5-a2ed-52db83a65b9b.api.k8s.fr-par.scw.cloud:6443",
            "auto_upgrade": [
              {
                "enable": false,
                "maintenance_window_day": "any",
                "maintenance_window_start_hour": 0
              }
            ],
            "autoscaler_config": [
              {
                "balance_similar_node_groups": false,
                "disable_scale_down": false,
                "estimator": "binpacking",
                "expander": "random",
                "expendable_pods_priority_cutoff": 0,
                "ignore_daemonsets_utilization": false,
                "max_graceful_termination_sec": 0,
                "scale_down_delay_after_add": "10m",
                "scale_down_unneeded_time": "10m",
                "scale_down_utilization_threshold": 0.5
              }
            ],
            "cni": "cilium",
            "created_at": "2025-03-31T15:01:38Z",
            "delete_additional_resources": true,
            "description": "",
            "feature_gates": [],
            "id": "fr-par/0aaabc3c-1d03-45b5-a2ed-52db83a65b9b",
            "kubeconfig": [
              {
                "cluster_ca_certificate": "LS0tLS1CRUdJTiBDRVJUSUZJQ0FURS0tLS0tCk1JSUM1ekNDQWMrZ0F3SUJBZ0lCQURBTkJna3Foa2lHOXcwQkFRc0ZBREFWTVJNd0VRWURWUVFERXdwcmRXSmwKY201bGRHVnpNQjRYRFRJMU1ETXpNREUxTURFek9Wb1hEVE0xTURNek1ERTFNREV6T1Zvd0ZURVRNQkVHQTFVRQpBeE1LYTNWaVpYSnVaWFJsY3pDQ0FTSXdEUVlKS29aSWh2Y05BUUVCQlFBRGdnRVBBRENDQVFvQ2dnRUJBSjlpClBSQmJnWitQK241bWhqMGF3MlZCaXUrYlFIODI2cm12VnVkNENRN3htZUgvUVBha1dWUnlTNThwL0NRaWZUT1IKblkyZDhMbXEwNnBtRXFHaFp3NFJPUGUzTnlJcmNObXZiZ3hQVWM0YUx2cndCbnpEOVBHeCtsdnpKdDVVVXQzTgpRK25XcU1pNy8zdVJkaTV1cVIzOU93aHZIRjJPa09ydHQxMTgzSm9MdXQwT3VEak1IdG1waitlTVJ4Q0F3TUxrClJtY1NuTXhjTmdlUDlScWhaVlBXbVh3RGplUG9KUGFqS2U1K05ISFA4QkRmM2J2WHlGUWtkMTJyaW1lalNvZVAKNFpuTnhBNTI4QXA3dHR4ZFhRUWhLRUFZY21wTEZOazByRGpyUDBWKzdrYitpVHBXTGJFa3dIY3FaRm8wa3UzeQpnRUZrWnEranRJbUJ4MFhPS0NrQ0F3RUFBYU5DTUVBd0RnWURWUjBQQVFIL0JBUURBZ0trTUE4R0ExVWRFd0VCCi93UUZNQU1CQWY4d0hRWURWUjBPQkJZRUZMbGVRdzE1ckI0RGYzVTMvSzAwY2dMWWg5a0NNQTBHQ1NxR1NJYjMKRFFFQkN3VUFBNElCQVFBOVBHWnQrWmlmTFNMUkUxd3NsRlVUcGoyMU9WNy9RcFhLWFpPQ3FQUmdKUXlDMVJJZwpaRjZLbVQ3YXNjMGMwejc1cGttZnJXdnAyZmxlREVmYkFISzFVTk5JSUlDdUVyV2RpYnVmcy80dGRIWDJjcHBwCnZBNGV3RW1xQnp1YXZBdjQvK2ozR2RaTms3blpLVjMrYmtGZkxZeTlLT0pHWWhkazJFOSt5eTZieGtua2JSVm4KSitoNnBkZU1XMlB4a0tJOUVUSWtpa3BERTBiQXdJamdjMUpkRjg5TEpqVzFlT1czdFZYUTdQT0RvdGwxbkRsVAowS000SkhOcE9wMkw0Sml2Njhha2FWc3FBMHpzalhxdm5SSlFKUlQxUlBnZWhrSFV6ZFpBOTU3WStWeHZadEQ0CnZkVHBRUVpJaHhjVjFHcm10WUZlRnV3L3l4bGJpOTlaWEFNWQotLS0tLUVORCBDRVJUSUZJQ0FURS0tLS0tCg==",
                "config_file": "apiVersion: v1\nclusters:\n- name: \"kapsule-secure\"\n  cluster:\n    certificate-authority-data: LS0tLS1CRUdJTiBDRVJUSUZJQ0FURS0tLS0tCk1JSUM1ekNDQWMrZ0F3SUJBZ0lCQURBTkJna3Foa2lHOXcwQkFRc0ZBREFWTVJNd0VRWURWUVFERXdwcmRXSmwKY201bGRHVnpNQjRYRFRJMU1ETXpNREUxTURFek9Wb1hEVE0xTURNek1ERTFNREV6T1Zvd0ZURVRNQkVHQTFVRQpBeE1LYTNWaVpYSnVaWFJsY3pDQ0FTSXdEUVlKS29aSWh2Y05BUUVCQlFBRGdnRVBBRENDQVFvQ2dnRUJBSjlpClBSQmJnWitQK241bWhqMGF3MlZCaXUrYlFIODI2cm12VnVkNENRN3htZUgvUVBha1dWUnlTNThwL0NRaWZUT1IKblkyZDhMbXEwNnBtRXFHaFp3NFJPUGUzTnlJcmNObXZiZ3hQVWM0YUx2cndCbnpEOVBHeCtsdnpKdDVVVXQzTgpRK25XcU1pNy8zdVJkaTV1cVIzOU93aHZIRjJPa09ydHQxMTgzSm9MdXQwT3VEak1IdG1waitlTVJ4Q0F3TUxrClJtY1NuTXhjTmdlUDlScWhaVlBXbVh3RGplUG9KUGFqS2U1K05ISFA4QkRmM2J2WHlGUWtkMTJyaW1lalNvZVAKNFpuTnhBNTI4QXA3dHR4ZFhRUWhLRUFZY21wTEZOazByRGpyUDBWKzdrYitpVHBXTGJFa3dIY3FaRm8wa3UzeQpnRUZrWnEranRJbUJ4MFhPS0NrQ0F3RUFBYU5DTUVBd0RnWURWUjBQQVFIL0JBUURBZ0trTUE4R0ExVWRFd0VCCi93UUZNQU1CQWY4d0hRWURWUjBPQkJZRUZMbGVRdzE1ckI0RGYzVTMvSzAwY2dMWWg5a0NNQTBHQ1NxR1NJYjMKRFFFQkN3VUFBNElCQVFBOVBHWnQrWmlmTFNMUkUxd3NsRlVUcGoyMU9WNy9RcFhLWFpPQ3FQUmdKUXlDMVJJZwpaRjZLbVQ3YXNjMGMwejc1cGttZnJXdnAyZmxlREVmYkFISzFVTk5JSUlDdUVyV2RpYnVmcy80dGRIWDJjcHBwCnZBNGV3RW1xQnp1YXZBdjQvK2ozR2RaTms3blpLVjMrYmtGZkxZeTlLT0pHWWhkazJFOSt5eTZieGtua2JSVm4KSitoNnBkZU1XMlB4a0tJOUVUSWtpa3BERTBiQXdJamdjMUpkRjg5TEpqVzFlT1czdFZYUTdQT0RvdGwxbkRsVAowS000SkhOcE9wMkw0Sml2Njhha2FWc3FBMHpzalhxdm5SSlFKUlQxUlBnZWhrSFV6ZFpBOTU3WStWeHZadEQ0CnZkVHBRUVpJaHhjVjFHcm10WUZlRnV3L3l4bGJpOTlaWEFNWQotLS0tLUVORCBDRVJUSUZJQ0FURS0tLS0tCg==\n    server: https://0aaabc3c-1d03-45b5-a2ed-52db83a65b9b.api.k8s.fr-par.scw.cloud:6443\ncontexts:\n- name: admin@kapsule-secure\n  context:\n    cluster: \"kapsule-secure\"\n    user: kapsule-secure-admin\ncurrent-context: admin@kapsule-secure\nkind: Config\npreferences: {}\nusers:\n- name: kapsule-secure-admin\n  user:\n    token: CY1KXVPx4IDhPSzXojBczDtPr4k66HT40BCqNRAdPxIvDluisoCzfnvK",
                "host": "https://0aaabc3c-1d03-45b5-a2ed-52db83a65b9b.api.k8s.fr-par.scw.cloud:6443",
                "token": "CY1KXVPx4IDhPSzXojBczDtPr4k66HT40BCqNRAdPxIvDluisoCzfnvK"
              }
            ],
            "name": "kapsule-secure",
            "open_id_connect_config": [
              {
                "client_id": "",
                "groups_claim": [],
                "groups_prefix": "",
                "issuer_url": "",
                "required_claim": [],
                "username_claim": "",
                "username_prefix": ""
              }
            ],
            "organization_id": "e97e853d-3cce-4ebf-acda-ec5d6abc8fa8",
            "private_network_id": "644e08c2-78ba-4b7a-89ab-c99406d944d1",
            "project_id": "8cfcea18-2aa9-4eb4-8754-4e32a034abec",
            "region": "fr-par",
            "status": "ready",
            "tags": [
              "secure",
              "kubearmor"
            ],
            "timeouts": null,
            "type": "kapsule",
            "updated_at": "2025-03-31T15:03:02Z",
            "upgrade_available": true,
            "version": "1.28.2",
            "wildcard_dns": "*.0aaabc3c-1d03-45b5-a2ed-52db83a65b9b.nodes.k8s.fr-par.scw.cloud"
          },
          "sensitive_attributes": [
            [
              {
                "type": "get_attr",
                "value": "kubeconfig"
              }
            ]
          ],
          "private": "eyJlMmJmYjczMC1lY2FhLTExZTYtOGY4OC0zNDM2M2JjN2M0YzAiOnsiY3JlYXRlIjo5MDAwMDAwMDAwMDAsImRlZmF1bHQiOjkwMDAwMDAwMDAwMCwiZGVsZXRlIjo5MDAwMDAwMDAwMDAsInJlYWQiOjkwMDAwMDAwMDAwMCwidXBkYXRlIjo5MDAwMDAwMDAwMDB9fQ==",
          "dependencies": [
            "scaleway_vpc_private_network.private_net"
          ]
        }
      ]
    },
    {
      "mode": "managed",
      "type": "scaleway_k8s_pool",
      "name": "main",
      "provider": "provider[\"registry.terraform.io/scaleway/scaleway\"]",
      "instances": [
        {
          "schema_version": 0,
          "attributes": {
            "autohealing": false,
            "autoscaling": false,
            "cluster_id": "fr-par/0aaabc3c-1d03-45b5-a2ed-52db83a65b9b",
            "container_runtime": "containerd",
            "created_at": "2025-03-31T15:01:43Z",
            "current_size": 2,
            "id": "fr-par/052f768b-be88-48a5-8bb3-019b6d20f58d",
            "kubelet_args": {},
            "max_size": 3,
            "min_size": 1,
            "name": "pool-secure",
            "node_type": "dev1_m",
            "nodes": [
              {
                "name": "scw-kapsule-secure-pool-secure-30b7ac8ba5414fb",
                "public_ip": "51.15.230.176",
                "public_ip_v6": "",
                "status": "ready"
              },
              {
                "name": "scw-kapsule-secure-pool-secure-bcc05125361c490",
                "public_ip": "51.15.219.6",
                "public_ip_v6": "",
                "status": "ready"
              }
            ],
            "placement_group_id": null,
            "public_ip_disabled": false,
            "region": "fr-par",
            "root_volume_size_in_gb": 40,
            "root_volume_type": "l_ssd",
            "size": 2,
            "status": "ready",
            "tags": [
              "secure"
            ],
            "timeouts": null,
            "updated_at": "2025-03-31T15:08:19Z",
            "upgrade_policy": [
              {
                "max_surge": 0,
                "max_unavailable": 1
              }
            ],
            "version": "1.28.2",
            "wait_for_pool_ready": true,
            "zone": "fr-par-1"
          },
          "sensitive_attributes": [],
          "private": "eyJlMmJmYjczMC1lY2FhLTExZTYtOGY4OC0zNDM2M2JjN2M0YzAiOnsiY3JlYXRlIjoxODAwMDAwMDAwMDAwLCJkZWZhdWx0IjoxODAwMDAwMDAwMDAwLCJkZWxldGUiOjE4MDAwMDAwMDAwMDAsInJlYWQiOjE4MDAwMDAwMDAwMDAsInVwZGF0ZSI6MTgwMDAwMDAwMDAwMH19",
          "dependencies": [
            "scaleway_k8s_cluster.main",
            "scaleway_vpc_private_network.private_net"
          ]
        }
      ]
    },
    {
      "mode": "managed",
      "type": "scaleway_vpc_private_network",
      "name": "private_net",
      "provider": "provider[\"registry.terraform.io/scaleway/scaleway\"]",
      "instances": [
        {
          "schema_version": 1,
          "attributes": {
            "created_at": "2025-03-31T15:01:35Z",
            "id": "fr-par/644e08c2-78ba-4b7a-89ab-c99406d944d1",
            "ipv4_subnet": [
              {
                "address": "172.16.16.0",
                "created_at": "2025-03-31T15:01:35Z",
                "id": "b8731a92-ff41-481b-8f7c-e91b7a7ba5d4",
                "prefix_length": 22,
                "subnet": "172.16.16.0/22",
                "subnet_mask": "255.255.252.0",
                "updated_at": "2025-03-31T15:01:35Z"
              }
            ],
            "ipv6_subnets": [
              {
                "address": "fd2e:f6cf:538e:485e::",
                "created_at": "2025-03-31T15:01:35Z",
                "id": "75d3e997-c237-4b89-897c-c1d5aef65d4b",
                "prefix_length": 64,
                "subnet": "fd2e:f6cf:538e:485e::/64",
                "subnet_mask": "255.255.255.255.255.255.255.255.0.0.0.0.0.0.0.0",
                "updated_at": "2025-03-31T15:01:35Z"
              }
            ],
            "is_regional": true,
            "name": "kapsule-private-net",
            "organization_id": "e97e853d-3cce-4ebf-acda-ec5d6abc8fa8",
            "project_id": "8cfcea18-2aa9-4eb4-8754-4e32a034abec",
            "region": "fr-par",
            "tags": [],
            "updated_at": "2025-03-31T15:01:35Z",
            "vpc_id": "fr-par/fc0a0adb-3f44-492d-ba76-40bcc8820334",
            "zone": "fr-par-1"
          },
          "sensitive_attributes": [],
          "private": "eyJzY2hlbWFfdmVyc2lvbiI6IjEifQ=="
        }
      ]
    }
  ],
  "check_results": null
}
